
Microsoft Visual Studio Solution File, Format Version 12.00
# Visual Studio 15
VisualStudioVersion = 15.0.26124.0
MinimumVisualStudioVersion = 15.0.26124.0
Project("{FAE04EC0-301F-11D3-BF4B-00C04F79EFBC}") = "BlabberApp.Client", "BlabberApp.Client\BlabberApp.Client.csproj", "{D6F45BC7-64C6-46B5-BFB1-04F5AEA3BCFF}"
EndProject
Project("{FAE04EC0-301F-11D3-BF4B-00C04F79EFBC}") = "BlabberApp.ClientTest", "BlabberApp.ClientTest\BlabberApp.ClientTest.csproj", "{2AEA7BEB-BCD1-426B-8E70-28A49CA92F58}"
EndProject
Project("{FAE04EC0-301F-11D3-BF4B-00C04F79EFBC}") = "BlabberApp.Console", "BlabberApp.Console\BlabberApp.Console.csproj", "{13269B32-25AC-455B-984B-B99520D6CC38}"
EndProject
Project("{FAE04EC0-301F-11D3-BF4B-00C04F79EFBC}") = "BlabberApp.WebApi", "BlabberApp.WebApi\BlabberApp.WebApi.csproj", "{C7E23817-29D7-4DB7-96F9-AF538E3BAFC1}"
EndProject
Project("{FAE04EC0-301F-11D3-BF4B-00C04F79EFBC}") = "BlabberApp.WebApiTest", "BlabberApp.WebApiTest\BlabberApp.WebApiTest.csproj", "{33190620-56B9-4853-B19D-760073293385}"
EndProject
Project("{FAE04EC0-301F-11D3-BF4B-00C04F79EFBC}") = "BlabberApp.DataStore", "BlabberApp.DataStore\BlabberApp.DataStore.csproj", "{98B66967-0D1F-404D-BC09-67987047AF30}"
EndProject
Project("{FAE04EC0-301F-11D3-BF4B-00C04F79EFBC}") = "BlabberApp.DataStoreTest", "BlabberApp.DataStoreTest\BlabberApp.DataStoreTest.csproj", "{868CC4C5-3682-4AA1-9D34-D7085ED74952}"
EndProject
Project("{FAE04EC0-301F-11D3-BF4B-00C04F79EFBC}") = "BlabberApp.Domain", "BlabberApp.Domain\BlabberApp.Domain.csproj", "{13C9D7A9-0A5F-481E-BF5F-3672C6530A75}"
EndProject
Project("{FAE04EC0-301F-11D3-BF4B-00C04F79EFBC}") = "BlabberApp.DomainTest", "BlabberApp.DomainTest\BlabberApp.DomainTest.csproj", "{798B88E5-5BFE-493B-8E22-78A079BA040A}"
EndProject
Project("{FAE04EC0-301F-11D3-BF4B-00C04F79EFBC}") = "BlabberApp.Services", "BlabberApp.Services\BlabberApp.Services.csproj", "{35544F3B-28C1-484D-B85F-9FA417CF96BD}"
EndProject
Project("{FAE04EC0-301F-11D3-BF4B-00C04F79EFBC}") = "BlabberApp.ServicesTest", "BlabberApp.ServicesTest\BlabberApp.ServicesTest.csproj", "{7988808F-8150-4910-9EDD-A8718903D1CE}"
EndProject
Global
	GlobalSection(SolutionConfigurationPlatforms) = preSolution
		Debug|Any CPU = Debug|Any CPU
		Debug|x64 = Debug|x64
		Debug|x86 = Debug|x86
		Release|Any CPU = Release|Any CPU
		Release|x64 = Release|x64
		Release|x86 = Release|x86
	EndGlobalSection
	GlobalSection(SolutionProperties) = preSolution
		HideSolutionNode = FALSE
	EndGlobalSection
	GlobalSection(ProjectConfigurationPlatforms) = postSolution
		{D6F45BC7-64C6-46B5-BFB1-04F5AEA3BCFF}.Debug|Any CPU.ActiveCfg = Debug|Any CPU
		{D6F45BC7-64C6-46B5-BFB1-04F5AEA3BCFF}.Debug|Any CPU.Build.0 = Debug|Any CPU
		{D6F45BC7-64C6-46B5-BFB1-04F5AEA3BCFF}.Debug|x64.ActiveCfg = Debug|Any CPU
		{D6F45BC7-64C6-46B5-BFB1-04F5AEA3BCFF}.Debug|x64.Build.0 = Debug|Any CPU
		{D6F45BC7-64C6-46B5-BFB1-04F5AEA3BCFF}.Debug|x86.ActiveCfg = Debug|Any CPU
		{D6F45BC7-64C6-46B5-BFB1-04F5AEA3BCFF}.Debug|x86.Build.0 = Debug|Any CPU
		{D6F45BC7-64C6-46B5-BFB1-04F5AEA3BCFF}.Release|Any CPU.ActiveCfg = Release|Any CPU
		{D6F45BC7-64C6-46B5-BFB1-04F5AEA3BCFF}.Release|Any CPU.Build.0 = Release|Any CPU
		{D6F45BC7-64C6-46B5-BFB1-04F5AEA3BCFF}.Release|x64.ActiveCfg = Release|Any CPU
		{D6F45BC7-64C6-46B5-BFB1-04F5AEA3BCFF}.Release|x64.Build.0 = Release|Any CPU
		{D6F45BC7-64C6-46B5-BFB1-04F5AEA3BCFF}.Release|x86.ActiveCfg = Release|Any CPU
		{D6F45BC7-64C6-46B5-BFB1-04F5AEA3BCFF}.Release|x86.Build.0 = Release|Any CPU
		{2AEA7BEB-BCD1-426B-8E70-28A49CA92F58}.Debug|Any CPU.ActiveCfg = Debug|Any CPU
		{2AEA7BEB-BCD1-426B-8E70-28A49CA92F58}.Debug|Any CPU.Build.0 = Debug|Any CPU
		{2AEA7BEB-BCD1-426B-8E70-28A49CA92F58}.Debug|x64.ActiveCfg = Debug|Any CPU
		{2AEA7BEB-BCD1-426B-8E70-28A49CA92F58}.Debug|x64.Build.0 = Debug|Any CPU
		{2AEA7BEB-BCD1-426B-8E70-28A49CA92F58}.Debug|x86.ActiveCfg = Debug|Any CPU
		{2AEA7BEB-BCD1-426B-8E70-28A49CA92F58}.Debug|x86.Build.0 = Debug|Any CPU
		{2AEA7BEB-BCD1-426B-8E70-28A49CA92F58}.Release|Any CPU.ActiveCfg = Release|Any CPU
		{2AEA7BEB-BCD1-426B-8E70-28A49CA92F58}.Release|Any CPU.Build.0 = Release|Any CPU
		{2AEA7BEB-BCD1-426B-8E70-28A49CA92F58}.Release|x64.ActiveCfg = Release|Any CPU
		{2AEA7BEB-BCD1-426B-8E70-28A49CA92F58}.Release|x64.Build.0 = Release|Any CPU
		{2AEA7BEB-BCD1-426B-8E70-28A49CA92F58}.Release|x86.ActiveCfg = Release|Any CPU
		{2AEA7BEB-BCD1-426B-8E70-28A49CA92F58}.Release|x86.Build.0 = Release|Any CPU
		{13269B32-25AC-455B-984B-B99520D6CC38}.Debug|Any CPU.ActiveCfg = Debug|Any CPU
		{13269B32-25AC-455B-984B-B99520D6CC38}.Debug|Any CPU.Build.0 = Debug|Any CPU
		{13269B32-25AC-455B-984B-B99520D6CC38}.Debug|x64.ActiveCfg = Debug|Any CPU
		{13269B32-25AC-455B-984B-B99520D6CC38}.Debug|x64.Build.0 = Debug|Any CPU
		{13269B32-25AC-455B-984B-B99520D6CC38}.Debug|x86.ActiveCfg = Debug|Any CPU
		{13269B32-25AC-455B-984B-B99520D6CC38}.Debug|x86.Build.0 = Debug|Any CPU
		{13269B32-25AC-455B-984B-B99520D6CC38}.Release|Any CPU.ActiveCfg = Release|Any CPU
		{13269B32-25AC-455B-984B-B99520D6CC38}.Release|Any CPU.Build.0 = Release|Any CPU
		{13269B32-25AC-455B-984B-B99520D6CC38}.Release|x64.ActiveCfg = Release|Any CPU
		{13269B32-25AC-455B-984B-B99520D6CC38}.Release|x64.Build.0 = Release|Any CPU
		{13269B32-25AC-455B-984B-B99520D6CC38}.Release|x86.ActiveCfg = Release|Any CPU
		{13269B32-25AC-455B-984B-B99520D6CC38}.Release|x86.Build.0 = Release|Any CPU
		{C7E23817-29D7-4DB7-96F9-AF538E3BAFC1}.Debug|Any CPU.ActiveCfg = Debug|Any CPU
		{C7E23817-29D7-4DB7-96F9-AF538E3BAFC1}.Debug|Any CPU.Build.0 = Debug|Any CPU
		{C7E23817-29D7-4DB7-96F9-AF538E3BAFC1}.Debug|x64.ActiveCfg = Debug|Any CPU
		{C7E23817-29D7-4DB7-96F9-AF538E3BAFC1}.Debug|x64.Build.0 = Debug|Any CPU
		{C7E23817-29D7-4DB7-96F9-AF538E3BAFC1}.Debug|x86.ActiveCfg = Debug|Any CPU
		{C7E23817-29D7-4DB7-96F9-AF538E3BAFC1}.Debug|x86.Build.0 = Debug|Any CPU
		{C7E23817-29D7-4DB7-96F9-AF538E3BAFC1}.Release|Any CPU.ActiveCfg = Release|Any CPU
		{C7E23817-29D7-4DB7-96F9-AF538E3BAFC1}.Release|Any CPU.Build.0 = Release|Any CPU
		{C7E23817-29D7-4DB7-96F9-AF538E3BAFC1}.Release|x64.ActiveCfg = Release|Any CPU
		{C7E23817-29D7-4DB7-96F9-AF538E3BAFC1}.Release|x64.Build.0 = Release|Any CPU
		{C7E23817-29D7-4DB7-96F9-AF538E3BAFC1}.Release|x86.ActiveCfg = Release|Any CPU
		{C7E23817-29D7-4DB7-96F9-AF538E3BAFC1}.Release|x86.Build.0 = Release|Any CPU
		{33190620-56B9-4853-B19D-760073293385}.Debug|Any CPU.ActiveCfg = Debug|Any CPU
		{33190620-56B9-4853-B19D-760073293385}.Debug|Any CPU.Build.0 = Debug|Any CPU
		{33190620-56B9-4853-B19D-760073293385}.Debug|x64.ActiveCfg = Debug|Any CPU
		{33190620-56B9-4853-B19D-760073293385}.Debug|x64.Build.0 = Debug|Any CPU
		{33190620-56B9-4853-B19D-760073293385}.Debug|x86.ActiveCfg = Debug|Any CPU
		{33190620-56B9-4853-B19D-760073293385}.Debug|x86.Build.0 = Debug|Any CPU
		{33190620-56B9-4853-B19D-760073293385}.Release|Any CPU.ActiveCfg = Release|Any CPU
		{33190620-56B9-4853-B19D-760073293385}.Release|Any CPU.Build.0 = Release|Any CPU
		{33190620-56B9-4853-B19D-760073293385}.Release|x64.ActiveCfg = Release|Any CPU
		{33190620-56B9-4853-B19D-760073293385}.Release|x64.Build.0 = Release|Any CPU
		{33190620-56B9-4853-B19D-760073293385}.Release|x86.ActiveCfg = Release|Any CPU
		{33190620-56B9-4853-B19D-760073293385}.Release|x86.Build.0 = Release|Any CPU
		{98B66967-0D1F-404D-BC09-67987047AF30}.Debug|Any CPU.ActiveCfg = Debug|Any CPU
		{98B66967-0D1F-404D-BC09-67987047AF30}.Debug|Any CPU.Build.0 = Debug|Any CPU
		{98B66967-0D1F-404D-BC09-67987047AF30}.Debug|x64.ActiveCfg = Debug|Any CPU
		{98B66967-0D1F-404D-BC09-67987047AF30}.Debug|x64.Build.0 = Debug|Any CPU
		{98B66967-0D1F-404D-BC09-67987047AF30}.Debug|x86.ActiveCfg = Debug|Any CPU
		{98B66967-0D1F-404D-BC09-67987047AF30}.Debug|x86.Build.0 = Debug|Any CPU
		{98B66967-0D1F-404D-BC09-67987047AF30}.Release|Any CPU.ActiveCfg = Release|Any CPU
		{98B66967-0D1F-404D-BC09-67987047AF30}.Release|Any CPU.Build.0 = Release|Any CPU
		{98B66967-0D1F-404D-BC09-67987047AF30}.Release|x64.ActiveCfg = Release|Any CPU
		{98B66967-0D1F-404D-BC09-67987047AF30}.Release|x64.Build.0 = Release|Any CPU
		{98B66967-0D1F-404D-BC09-67987047AF30}.Release|x86.ActiveCfg = Release|Any CPU
		{98B66967-0D1F-404D-BC09-67987047AF30}.Release|x86.Build.0 = Release|Any CPU
		{868CC4C5-3682-4AA1-9D34-D7085ED74952}.Debug|Any CPU.ActiveCfg = Debug|Any CPU
		{868CC4C5-3682-4AA1-9D34-D7085ED74952}.Debug|Any CPU.Build.0 = Debug|Any CPU
		{868CC4C5-3682-4AA1-9D34-D7085ED74952}.Debug|x64.ActiveCfg = Debug|Any CPU
		{868CC4C5-3682-4AA1-9D34-D7085ED74952}.Debug|x64.Build.0 = Debug|Any CPU
		{868CC4C5-3682-4AA1-9D34-D7085ED74952}.Debug|x86.ActiveCfg = Debug|Any CPU
		{868CC4C5-3682-4AA1-9D34-D7085ED74952}.Debug|x86.Build.0 = Debug|Any CPU
		{868CC4C5-3682-4AA1-9D34-D7085ED74952}.Release|Any CPU.ActiveCfg = Release|Any CPU
		{868CC4C5-3682-4AA1-9D34-D7085ED74952}.Release|Any CPU.Build.0 = Release|Any CPU
		{868CC4C5-3682-4AA1-9D34-D7085ED74952}.Release|x64.ActiveCfg = Release|Any CPU
		{868CC4C5-3682-4AA1-9D34-D7085ED74952}.Release|x64.Build.0 = Release|Any CPU
		{868CC4C5-3682-4AA1-9D34-D7085ED74952}.Release|x86.ActiveCfg = Release|Any CPU
		{868CC4C5-3682-4AA1-9D34-D7085ED74952}.Release|x86.Build.0 = Release|Any CPU
		{13C9D7A9-0A5F-481E-BF5F-3672C6530A75}.Debug|Any CPU.ActiveCfg = Debug|Any CPU
		{13C9D7A9-0A5F-481E-BF5F-3672C6530A75}.Debug|Any CPU.Build.0 = Debug|Any CPU
		{13C9D7A9-0A5F-481E-BF5F-3672C6530A75}.Debug|x64.ActiveCfg = Debug|Any CPU
		{13C9D7A9-0A5F-481E-BF5F-3672C6530A75}.Debug|x64.Build.0 = Debug|Any CPU
		{13C9D7A9-0A5F-481E-BF5F-3672C6530A75}.Debug|x86.ActiveCfg = Debug|Any CPU
		{13C9D7A9-0A5F-481E-BF5F-3672C6530A75}.Debug|x86.Build.0 = Debug|Any CPU
		{13C9D7A9-0A5F-481E-BF5F-3672C6530A75}.Release|Any CPU.ActiveCfg = Release|Any CPU
		{13C9D7A9-0A5F-481E-BF5F-3672C6530A75}.Release|Any CPU.Build.0 = Release|Any CPU
		{13C9D7A9-0A5F-481E-BF5F-3672C6530A75}.Release|x64.ActiveCfg = Release|Any CPU
		{13C9D7A9-0A5F-481E-BF5F-3672C6530A75}.Release|x64.Build.0 = Release|Any CPU
		{13C9D7A9-0A5F-481E-BF5F-3672C6530A75}.Release|x86.ActiveCfg = Release|Any CPU
		{13C9D7A9-0A5F-481E-BF5F-3672C6530A75}.Release|x86.Build.0 = Release|Any CPU
		{798B88E5-5BFE-493B-8E22-78A079BA040A}.Debug|Any CPU.ActiveCfg = Debug|Any CPU
		{798B88E5-5BFE-493B-8E22-78A079BA040A}.Debug|Any CPU.Build.0 = Debug|Any CPU
		{798B88E5-5BFE-493B-8E22-78A079BA040A}.Debug|x64.ActiveCfg = Debug|Any CPU
		{798B88E5-5BFE-493B-8E22-78A079BA040A}.Debug|x64.Build.0 = Debug|Any CPU
		{798B88E5-5BFE-493B-8E22-78A079BA040A}.Debug|x86.ActiveCfg = Debug|Any CPU
		{798B88E5-5BFE-493B-8E22-78A079BA040A}.Debug|x86.Build.0 = Debug|Any CPU
		{798B88E5-5BFE-493B-8E22-78A079BA040A}.Release|Any CPU.ActiveCfg = Release|Any CPU
		{798B88E5-5BFE-493B-8E22-78A079BA040A}.Release|Any CPU.Build.0 = Release|Any CPU
		{798B88E5-5BFE-493B-8E22-78A079BA040A}.Release|x64.ActiveCfg = Release|Any CPU
		{798B88E5-5BFE-493B-8E22-78A079BA040A}.Release|x64.Build.0 = Release|Any CPU
		{798B88E5-5BFE-493B-8E22-78A079BA040A}.Release|x86.ActiveCfg = Release|Any CPU
		{798B88E5-5BFE-493B-8E22-78A079BA040A}.Release|x86.Build.0 = Release|Any CPU
		{35544F3B-28C1-484D-B85F-9FA417CF96BD}.Debug|Any CPU.ActiveCfg = Debug|Any CPU
		{35544F3B-28C1-484D-B85F-9FA417CF96BD}.Debug|Any CPU.Build.0 = Debug|Any CPU
		{35544F3B-28C1-484D-B85F-9FA417CF96BD}.Debug|x64.ActiveCfg = Debug|Any CPU
		{35544F3B-28C1-484D-B85F-9FA417CF96BD}.Debug|x64.Build.0 = Debug|Any CPU
		{35544F3B-28C1-484D-B85F-9FA417CF96BD}.Debug|x86.ActiveCfg = Debug|Any CPU
		{35544F3B-28C1-484D-B85F-9FA417CF96BD}.Debug|x86.Build.0 = Debug|Any CPU
		{35544F3B-28C1-484D-B85F-9FA417CF96BD}.Release|Any CPU.ActiveCfg = Release|Any CPU
		{35544F3B-28C1-484D-B85F-9FA417CF96BD}.Release|Any CPU.Build.0 = Release|Any CPU
		{35544F3B-28C1-484D-B85F-9FA417CF96BD}.Release|x64.ActiveCfg = Release|Any CPU
		{35544F3B-28C1-484D-B85F-9FA417CF96BD}.Release|x64.Build.0 = Release|Any CPU
		{35544F3B-28C1-484D-B85F-9FA417CF96BD}.Release|x86.ActiveCfg = Release|Any CPU
		{35544F3B-28C1-484D-B85F-9FA417CF96BD}.Release|x86.Build.0 = Release|Any CPU
		{7988808F-8150-4910-9EDD-A8718903D1CE}.Debug|Any CPU.ActiveCfg = Debug|Any CPU
		{7988808F-8150-4910-9EDD-A8718903D1CE}.Debug|Any CPU.Build.0 = Debug|Any CPU
		{7988808F-8150-4910-9EDD-A8718903D1CE}.Debug|x64.ActiveCfg = Debug|Any CPU
		{7988808F-8150-4910-9EDD-A8718903D1CE}.Debug|x64.Build.0 = Debug|Any CPU
		{7988808F-8150-4910-9EDD-A8718903D1CE}.Debug|x86.ActiveCfg = Debug|Any CPU
		{7988808F-8150-4910-9EDD-A8718903D1CE}.Debug|x86.Build.0 = Debug|Any CPU
		{7988808F-8150-4910-9EDD-A8718903D1CE}.Release|Any CPU.ActiveCfg = Release|Any CPU
		{7988808F-8150-4910-9EDD-A8718903D1CE}.Release|Any CPU.Build.0 = Release|Any CPU
		{7988808F-8150-4910-9EDD-A8718903D1CE}.Release|x64.ActiveCfg = Release|Any CPU
		{7988808F-8150-4910-9EDD-A8718903D1CE}.Release|x64.Build.0 = Release|Any CPU
		{7988808F-8150-4910-9EDD-A8718903D1CE}.Release|x86.ActiveCfg = Release|Any CPU
		{7988808F-8150-4910-9EDD-A8718903D1CE}.Release|x86.Build.0 = Release|Any CPU
	EndGlobalSection
EndGlobal
